github.com/smartwalle/alipay/v3 v3.2.16 h1:oSzcQgV+kUHH7ko7FjYowU4RIm6chuQjgXeuChUbj0M=
github.com/smartwalle/alipay/v3 v3.2.16/go.mod h1:5EC6QZNr51TjmDAJFHSEJMLLSoTtge7583W2vuNmOYc=
github.com/smartwalle/ncrypto v1.0.3 h1:fnzjoriZt2LZeD8ljEtRe2eU33Au7i8vIF4Gafz5RuI=
github.com/smartwalle/ncrypto v1.0.3/go.mod h1:Dwlp6sfeNaPMnOxMNayMTacvC5JGEVln3CVdiVDgbBk=
github.com/smartwalle/ngx v1.0.7 h1:BIQo6wmAnERehogNKUnthoxwBavTWxbR9oLFcGjWXKQ=
github.com/smartwalle/ngx v1.0.7/go.mod h1:mx/nz2Pk5j+RBs7t6u6k22MPiBG/8CtOMpCnALIG8Y0=
github.com/smartwalle/nsign v1.0.8 h1:78KWtwKPrdt4Xsn+tNEBVxaTLIJBX9YRX0ZSrMUeuHo=
github.com/smartwalle/nsign v1.0.8/go.mod h1:eY6I4CJlyNdVMP+t6z1H6Jpd4m5/V+8xi44ufSTxXgc=
